
Microsoft Visual Studio Solution File, Format Version 12.00
# Visual Studio Version 17
VisualStudioVersion = 17.10.35013.160
MinimumVisualStudioVersion = 10.0.40219.1
Project("{FAE04EC0-301F-11D3-BF4B-00C04F79EFBC}") = "OnlineFoodOrderingSystem", "OnlineFoodOrderingSystem\OnlineFoodOrderingSystem.csproj", "{AEC11056-1633-48D4-9B16-9122E43E0FA3}"
EndProject
Global
	GlobalSection(SolutionConfigurationPlatforms) = preSolution
		Debug|Any CPU = Debug|Any CPU
		Release|Any CPU = Release|Any CPU
	EndGlobalSection
	GlobalSection(ProjectConfigurationPlatforms) = postSolution
		{AEC11056-1633-48D4-9B16-9122E43E0FA3}.Debug|Any CPU.ActiveCfg = Debug|Any CPU
		{AEC11056-1633-48D4-9B16-9122E43E0FA3}.Debug|Any CPU.Build.0 = Debug|Any CPU
		{AEC11056-1633-48D4-9B16-9122E43E0FA3}.Release|Any CPU.ActiveCfg = Release|Any CPU
		{AEC11056-1633-48D4-9B16-9122E43E0FA3}.Release|Any CPU.Build.0 = Release|Any CPU
	EndGlobalSection
	GlobalSection(SolutionProperties) = preSolution
		HideSolutionNode = FALSE
	EndGlobalSection
	GlobalSection(ExtensibilityGlobals) = postSolution
		SolutionGuid = {F0A04911-A0B1-47C4-A1D9-D931CD9D4F76}
	EndGlobalSection
EndGlobal
